
Microsoft Visual Studio Solution File, Format Version 12.00
# Visual Studio Version 17
VisualStudioVersion = 17.0.31919.166
MinimumVisualStudioVersion = 10.0.40219.1
Project("{FAE04EC0-301F-11D3-BF4B-00C04F79EFBC}") = "object-detection-alerting-system", "object-detection-alerting-system\object-detection-alerting-system.csproj", "{BB5212AC-C741-4AE9-8499-9DAEEAB2EA76}"
EndProject
Global
	GlobalSection(SolutionConfigurationPlatforms) = preSolution
		Debug|Any CPU = Debug|Any CPU
		Release|Any CPU = Release|Any CPU
	EndGlobalSection
	GlobalSection(ProjectConfigurationPlatforms) = postSolution
		{BB5212AC-C741-4AE9-8499-9DAEEAB2EA76}.Debug|Any CPU.ActiveCfg = Debug|Any CPU
		{BB5212AC-C741-4AE9-8499-9DAEEAB2EA76}.Debug|Any CPU.Build.0 = Debug|Any CPU
		{BB5212AC-C741-4AE9-8499-9DAEEAB2EA76}.Release|Any CPU.ActiveCfg = Release|Any CPU
		{BB5212AC-C741-4AE9-8499-9DAEEAB2EA76}.Release|Any CPU.Build.0 = Release|Any CPU
	EndGlobalSection
	GlobalSection(SolutionProperties) = preSolution
		HideSolutionNode = FALSE
	EndGlobalSection
	GlobalSection(ExtensibilityGlobals) = postSolution
		SolutionGuid = {7E5E8393-2165-41D0-9A21-CF3BBE769F5E}
	EndGlobalSection
EndGlobal
